{
  "name": "molecule-javascript-template",
  "version": "1.0.0",
  "lockfileVersion": 1,
  "requires": true,
  "dependencies": {
    "molecule-javascript": {
      "version": "0.1.2",
      "resolved": "https://registry.npmjs.org/molecule-javascript/-/molecule-javascript-0.1.2.tgz",
      "integrity": "sha512-Ws6iLIqOoWsH3zfQbkd0smylV/DRjtspt4qkQ+0kVwnyXWYwdd3b10txE2lHX0b2x5hpPJr1mTi1QPiSy49fWQ=="
    }
  }
}
