{
  "name": "molecule-javascript-template",
  "version": "1.0.0",
  "lockfileVersion": 1,
  "requires": true,
  "dependencies": {
    "molecule-javascript": {
      "version": "0.1.1",
      "resolved": "https://registry.npmjs.org/molecule-javascript/-/molecule-javascript-0.1.1.tgz",
      "integrity": "sha512-5oBZA65g+0tkCX3CfTDYURuOPObnOpw5/IeCTtztV3c++x3+vj/fIRv6j3kH3TuxildKX8Srrc0KkB6Y3DkbCg=="
    }
  }
}
